
Microsoft Visual Studio Solution File, Format Version 12.00
# Visual Studio 15
VisualStudioVersion = 15.0.28307.572
MinimumVisualStudioVersion = 10.0.40219.1
Project("{FAE04EC0-301F-11D3-BF4B-00C04F79EFBC}") = "Pager", "Pager\Pager.csproj", "{3709760C-F6D4-4C4B-88A6-5CDF86FA2468}"
EndProject
Global
	GlobalSection(SolutionConfigurationPlatforms) = preSolution
		Debug|Any CPU = Debug|Any CPU
		Release|Any CPU = Release|Any CPU
	EndGlobalSection
	GlobalSection(ProjectConfigurationPlatforms) = postSolution
		{3709760C-F6D4-4C4B-88A6-5CDF86FA2468}.Debug|Any CPU.ActiveCfg = Debug|Any CPU
		{3709760C-F6D4-4C4B-88A6-5CDF86FA2468}.Debug|Any CPU.Build.0 = Debug|Any CPU
		{3709760C-F6D4-4C4B-88A6-5CDF86FA2468}.Release|Any CPU.ActiveCfg = Release|Any CPU
		{3709760C-F6D4-4C4B-88A6-5CDF86FA2468}.Release|Any CPU.Build.0 = Release|Any CPU
	EndGlobalSection
	GlobalSection(SolutionProperties) = preSolution
		HideSolutionNode = FALSE
	EndGlobalSection
	GlobalSection(ExtensibilityGlobals) = postSolution
		SolutionGuid = {F70D5F09-50E1-4C65-A526-BFD9A25D93A2}
	EndGlobalSection
EndGlobal
